
Microsoft Visual Studio Solution File, Format Version 12.00
# Visual Studio Version 16
VisualStudioVersion = 16.0.30517.126
MinimumVisualStudioVersion = 10.0.40219.1
Project("{9A19103F-16F7-4668-BE54-9A1E7A4F7556}") = "NetCore_Mentoring", "NetCore_Mentoring\NetCore_Mentoring.csproj", "{E6F7D38B-2575-4C1B-9D6B-80CF61B7E6B3}"
EndProject
Project("{FAE04EC0-301F-11D3-BF4B-00C04F79EFBC}") = "NetCore_Mentoring.BLL", "NetCore_Mentoring.BLL\NetCore_Mentoring.BLL.csproj", "{11576D64-B829-4F2B-A530-367395A2FCFB}"
EndProject
Project("{FAE04EC0-301F-11D3-BF4B-00C04F79EFBC}") = "NetCore_Mentoring.DAL", "NetCore_Mentoring.DAL\NetCore_Mentoring.DAL.csproj", "{886DA3A5-B468-4C23-92A2-C4924CAAC8A6}"
EndProject
Global
	GlobalSection(SolutionConfigurationPlatforms) = preSolution
		Debug|Any CPU = Debug|Any CPU
		Release|Any CPU = Release|Any CPU
	EndGlobalSection
	GlobalSection(ProjectConfigurationPlatforms) = postSolution
		{E6F7D38B-2575-4C1B-9D6B-80CF61B7E6B3}.Debug|Any CPU.ActiveCfg = Debug|Any CPU
		{E6F7D38B-2575-4C1B-9D6B-80CF61B7E6B3}.Debug|Any CPU.Build.0 = Debug|Any CPU
		{E6F7D38B-2575-4C1B-9D6B-80CF61B7E6B3}.Release|Any CPU.ActiveCfg = Release|Any CPU
		{E6F7D38B-2575-4C1B-9D6B-80CF61B7E6B3}.Release|Any CPU.Build.0 = Release|Any CPU
		{11576D64-B829-4F2B-A530-367395A2FCFB}.Debug|Any CPU.ActiveCfg = Debug|Any CPU
		{11576D64-B829-4F2B-A530-367395A2FCFB}.Debug|Any CPU.Build.0 = Debug|Any CPU
		{11576D64-B829-4F2B-A530-367395A2FCFB}.Release|Any CPU.ActiveCfg = Release|Any CPU
		{11576D64-B829-4F2B-A530-367395A2FCFB}.Release|Any CPU.Build.0 = Release|Any CPU
		{886DA3A5-B468-4C23-92A2-C4924CAAC8A6}.Debug|Any CPU.ActiveCfg = Debug|Any CPU
		{886DA3A5-B468-4C23-92A2-C4924CAAC8A6}.Debug|Any CPU.Build.0 = Debug|Any CPU
		{886DA3A5-B468-4C23-92A2-C4924CAAC8A6}.Release|Any CPU.ActiveCfg = Release|Any CPU
		{886DA3A5-B468-4C23-92A2-C4924CAAC8A6}.Release|Any CPU.Build.0 = Release|Any CPU
	EndGlobalSection
	GlobalSection(SolutionProperties) = preSolution
		HideSolutionNode = FALSE
	EndGlobalSection
	GlobalSection(ExtensibilityGlobals) = postSolution
		SolutionGuid = {8B9A8AA6-AA8B-463C-8DB9-4B21148316C3}
	EndGlobalSection
EndGlobal
